
Microsoft Visual Studio Solution File, Format Version 12.00
# Visual Studio Version 17
VisualStudioVersion = 17.14.36212.18 d17.14
MinimumVisualStudioVersion = 10.0.40219.1
Project("{FAE04EC0-301F-11D3-BF4B-00C04F79EFBC}") = "Session05", "Session05\Session05.csproj", "{AA83A96D-70C0-4A93-A2D1-D47125BDCBE4}"
EndProject
Global
	GlobalSection(SolutionConfigurationPlatforms) = preSolution
		Debug|Any CPU = Debug|Any CPU
		Release|Any CPU = Release|Any CPU
	EndGlobalSection
	GlobalSection(ProjectConfigurationPlatforms) = postSolution
		{AA83A96D-70C0-4A93-A2D1-D47125BDCBE4}.Debug|Any CPU.ActiveCfg = Debug|Any CPU
		{AA83A96D-70C0-4A93-A2D1-D47125BDCBE4}.Debug|Any CPU.Build.0 = Debug|Any CPU
		{AA83A96D-70C0-4A93-A2D1-D47125BDCBE4}.Release|Any CPU.ActiveCfg = Release|Any CPU
		{AA83A96D-70C0-4A93-A2D1-D47125BDCBE4}.Release|Any CPU.Build.0 = Release|Any CPU
	EndGlobalSection
	GlobalSection(SolutionProperties) = preSolution
		HideSolutionNode = FALSE
	EndGlobalSection
	GlobalSection(ExtensibilityGlobals) = postSolution
		SolutionGuid = {FAE0043B-32D1-4D95-B0CB-820A083A24E6}
	EndGlobalSection
EndGlobal
